#MicroXplorer Configuration settings - do not modify
CAD.formats=
CAD.pinconfig=
CAD.provider=
File.Version=6
GPIO.groupedBy=Group By Peripherals
KeepUserPlacement=false
Mcu.CPN=STM32L562ZET6Q
Mcu.Family=STM32L5
Mcu.IP0=NVIC
Mcu.IP1=RCC
Mcu.IP2=RTC
Mcu.IP3=SYS
Mcu.IP4=USART1
Mcu.IPNb=5
Mcu.Name=STM32L562Z(C-E)TxQ
Mcu.Package=LQFP144
Mcu.Pin0=PA5
Mcu.Pin1=PA9
Mcu.Pin2=PA10
Mcu.Pin3=PA13 (JTMS/SWDIO)
Mcu.Pin4=PA14 (JTCK/SWCLK)
Mcu.Pin5=VP_RTC_VS_RTC_Activate
Mcu.Pin6=VP_RTC_VS_RTC_Calendar
Mcu.Pin7=VP_RTC_VS_RTC_Alarm_A_Intern
Mcu.Pin8=VP_SYS_VS_Systick
Mcu.PinNb=9
Mcu.ThirdPartyNb=0
Mcu.UserConstants=
Mcu.UserName=STM32L562ZETxQ
MxCube.Version=6.12.0
MxDb.Version=DB.6.0.120
NVIC.BusFault_IRQn=true\:0\:0\:false\:false\:true\:false\:false\:false
NVIC.DebugMonitor_IRQn=true\:0\:0\:false\:false\:true\:false\:false\:false
NVIC.ForceEnableDMAVector=true
NVIC.HardFault_IRQn=true\:0\:0\:false\:false\:true\:false\:false\:false
NVIC.MemoryManagement_IRQn=true\:0\:0\:false\:false\:true\:false\:false\:false
NVIC.NonMaskableInt_IRQn=true\:0\:0\:false\:false\:true\:false\:false\:false
NVIC.PendSV_IRQn=true\:0\:0\:false\:false\:true\:false\:false\:false
NVIC.PriorityGroup=NVIC_PRIORITYGROUP_4
NVIC.RTC_IRQn=true\:5\:0\:false\:false\:true\:true\:true\:true
NVIC.SVCall_IRQn=true\:0\:0\:false\:false\:true\:false\:false\:false
NVIC.SecureFault_IRQn=true\:0\:0\:false\:false\:true\:false\:false\:false
NVIC.SysTick_IRQn=true\:0\:0\:false\:false\:true\:false\:true\:false
NVIC.UsageFault_IRQn=true\:0\:0\:false\:false\:true\:false\:false\:false
PA10.Mode=Asynchronous
PA10.Signal=USART1_RX
PA13\ (JTMS/SWDIO).Mode=Serial_Wire
PA13\ (JTMS/SWDIO).Signal=DEBUG_JTMS-SWDIO
PA14\ (JTCK/SWCLK).Mode=Serial_Wire
PA14\ (JTCK/SWCLK).Signal=DEBUG_JTCK-SWCLK
PA5.GPIOParameters=GPIO_Label
PA5.GPIO_Label=STATUS_LED
PA5.Locked=true
PA5.Signal=GPIO_Output
PA9.Mode=Asynchronous
PA9.Signal=USART1_TX
PinOutPanel.RotationAngle=0
ProjectManager.AskForMigrate=true
ProjectManager.BackupPrevious=false
ProjectManager.CompilerOptimize=6
ProjectManager.ComputerToolchain=false
ProjectManager.CoupleFile=false
ProjectManager.CustomerFirmwarePackage=
ProjectManager.DefaultFWLocation=true
ProjectManager.DeletePrevious=true
ProjectManager.DeviceId=STM32L562ZETxQ
ProjectManager.FirmwarePackage=STM32Cube FW_L5 V1.5.1
ProjectManager.FreePins=false
ProjectManager.HalAssertFull=false
ProjectManager.HeapSize=0x200
ProjectManager.KeepUserCode=true
ProjectManager.LastFirmware=true
ProjectManager.LibraryCopy=1
ProjectManager.MainLocation=Core/Src
ProjectManager.NoMain=false
ProjectManager.PreviousToolchain=
ProjectManager.ProjectBuild=false
ProjectManager.ProjectFileName=STM32L562_RTC_AlarmA_Reset.ioc
ProjectManager.ProjectName=STM32L562_RTC_AlarmA_Reset
ProjectManager.ProjectStructure=
ProjectManager.RegisterCallBack=
ProjectManager.StackSize=0x400
ProjectManager.TargetToolchain=STM32CubeIDE
ProjectManager.ToolChainLocation=
ProjectManager.UAScriptAfterPath=
ProjectManager.UAScriptBeforePath=
ProjectManager.UnderRoot=true
ProjectManager.functionlistsort=1-SystemClock_Config-RCC-false-HAL-false,2-MX_GPIO_Init-GPIO-false-HAL-true,3-MX_USART1_UART_Init-USART1-false-HAL-true,4-MX_RTC_Init-RTC-false-HAL-true
RCC.ADCFreq_Value=16000000
RCC.AHBFreq_Value=4000000
RCC.APB1Freq_Value=4000000
RCC.APB1TimFreq_Value=4000000
RCC.APB2Freq_Value=4000000
RCC.APB2TimFreq_Value=4000000
RCC.CortexFreq_Value=4000000
RCC.FCLKCortexFreq_Value=4000000
RCC.HCLKFreq_Value=4000000
RCC.IPParameters=ADCFreq_Value,AHBFreq_Value,APB1Freq_Value,APB1TimFreq_Value,APB2Freq_Value,APB2TimFreq_Value,CortexFreq_Value,FCLKCortexFreq_Value,HCLKFreq_Value,LSCOPinFreq_Value,LSI_VALUE,MCO1PinFreq_Value,MSI_VALUE,PWRFreq_Value,RTCClockSelection,RTCFreq_Value,SYSCLKFreq_VALUE,SYSCLKSource,USART1Freq_Value,VCOInputFreq_Value,VCOSAI1OutputFreq_Value,VCOSAI2OutputFreq_Value
RCC.LSCOPinFreq_Value=32000
RCC.LSI_VALUE=32000
RCC.MCO1PinFreq_Value=4000000
RCC.MSI_VALUE=4000000
RCC.PWRFreq_Value=4000000
RCC.RTCClockSelection=RCC_RTCCLKSOURCE_LSI
RCC.RTCFreq_Value=32000
RCC.SYSCLKFreq_VALUE=4000000
RCC.SYSCLKSource=RCC_SYSCLKSOURCE_MSI
RCC.USART1Freq_Value=4000000
RCC.VCOInputFreq_Value=4000000
RCC.VCOSAI1OutputFreq_Value=64000000
RCC.VCOSAI2OutputFreq_Value=64000000
RTC.AsynchPrediv=127
RTC.Format=RTC_FORMAT_BIN
RTC.IPParameters=AsynchPrediv,SynchPrediv,Format,Alarm-Alarm\ A,AlarmMask-Alarm\ A
RTC.SynchPrediv=249
RTC.Alarm-Alarm\ A=RTC_ALARM_A
RTC.AlarmMask-Alarm\ A=RTC_ALARMMASK_DATEWEEKDAY
USART1.IPParameters=VirtualMode-Asynchronous
USART1.VirtualMode-Asynchronous=VM_ASYNC
VP_RTC_VS_RTC_Activate.Mode=RTC_Enabled
VP_RTC_VS_RTC_Activate.Signal=RTC_VS_RTC_Activate
VP_RTC_VS_RTC_Calendar.Mode=RTC_Calendar
VP_RTC_VS_RTC_Calendar.Signal=RTC_VS_RTC_Calendar
VP_RTC_VS_RTC_Alarm_A_Intern.Mode=Alarm A
VP_RTC_VS_RTC_Alarm_A_Intern.Signal=RTC_VS_RTC_Alarm_A_Intern
VP_SYS_VS_Systick.Mode=SysTick
VP_SYS_VS_Systick.Signal=SYS_VS_Systick
board=custom
isbadioc=false
